
Microsoft Visual Studio Solution File, Format Version 12.00
# Visual Studio Version 17
VisualStudioVersion = 17.6.33815.320
MinimumVisualStudioVersion = 10.0.40219.1
Project("{2150E333-8FDC-42A3-9474-1A3956D46DE8}") = "src", "src", "{835D6FC1-8E43-4861-87DA-EC05A707A567}"
EndProject
Project("{2150E333-8FDC-42A3-9474-1A3956D46DE8}") = "Solution Items", "Solution Items", "{D8F1A20C-BD30-4539-958E-154A136D42E4}"
EndProject
Project("{2150E333-8FDC-42A3-9474-1A3956D46DE8}") = "test", "test", "{CB64B9BE-E0FB-4497-A86E-C79023F5A0EC}"
EndProject
Project("{9A19103F-16F7-4668-BE54-9A1E7A4F7556}") = "Valkyrie", "src\Valkyrie\Valkyrie.csproj", "{3B9017AC-55D9-45CC-9832-31B7F5D7CCBA}"
EndProject
Project("{9A19103F-16F7-4668-BE54-9A1E7A4F7556}") = "Valkyrie.Tests", "test\Valkyrie.Tests\Valkyrie.Tests.csproj", "{00E84A8A-CA38-434F-8303-F5225E1AE53D}"
EndProject
Project("{FAE04EC0-301F-11D3-BF4B-00C04F79EFBC}") = "Valkyrie.Example", "Valkyrie.Example\Valkyrie.Example.csproj", "{C3055A7F-958E-4600-86AC-DAB29B901876}"
EndProject
Global
	GlobalSection(SolutionConfigurationPlatforms) = preSolution
		Debug|Any CPU = Debug|Any CPU
		Release|Any CPU = Release|Any CPU
	EndGlobalSection
	GlobalSection(ProjectConfigurationPlatforms) = postSolution
		{3B9017AC-55D9-45CC-9832-31B7F5D7CCBA}.Debug|Any CPU.ActiveCfg = Debug|Any CPU
		{3B9017AC-55D9-45CC-9832-31B7F5D7CCBA}.Debug|Any CPU.Build.0 = Debug|Any CPU
		{3B9017AC-55D9-45CC-9832-31B7F5D7CCBA}.Release|Any CPU.ActiveCfg = Release|Any CPU
		{3B9017AC-55D9-45CC-9832-31B7F5D7CCBA}.Release|Any CPU.Build.0 = Release|Any CPU
		{00E84A8A-CA38-434F-8303-F5225E1AE53D}.Debug|Any CPU.ActiveCfg = Debug|Any CPU
		{00E84A8A-CA38-434F-8303-F5225E1AE53D}.Debug|Any CPU.Build.0 = Debug|Any CPU
		{00E84A8A-CA38-434F-8303-F5225E1AE53D}.Release|Any CPU.ActiveCfg = Release|Any CPU
		{00E84A8A-CA38-434F-8303-F5225E1AE53D}.Release|Any CPU.Build.0 = Release|Any CPU
		{C3055A7F-958E-4600-86AC-DAB29B901876}.Debug|Any CPU.ActiveCfg = Debug|Any CPU
		{C3055A7F-958E-4600-86AC-DAB29B901876}.Debug|Any CPU.Build.0 = Debug|Any CPU
		{C3055A7F-958E-4600-86AC-DAB29B901876}.Release|Any CPU.ActiveCfg = Release|Any CPU
		{C3055A7F-958E-4600-86AC-DAB29B901876}.Release|Any CPU.Build.0 = Release|Any CPU
	EndGlobalSection
	GlobalSection(SolutionProperties) = preSolution
		HideSolutionNode = FALSE
	EndGlobalSection
	GlobalSection(NestedProjects) = preSolution
		{3B9017AC-55D9-45CC-9832-31B7F5D7CCBA} = {835D6FC1-8E43-4861-87DA-EC05A707A567}
		{00E84A8A-CA38-434F-8303-F5225E1AE53D} = {CB64B9BE-E0FB-4497-A86E-C79023F5A0EC}
	EndGlobalSection
EndGlobal
